
Microsoft Visual Studio Solution File, Format Version 12.00
# Visual Studio Version 17
VisualStudioVersion = 17.2.32616.157
MinimumVisualStudioVersion = 10.0.40219.1
Project("{FAE04EC0-301F-11D3-BF4B-00C04F79EFBC}") = "sea", "sea.csproj", "{B7EA29B9-F031-41EF-82AE-C8EEDBDD63AA}"
EndProject
Project("{FAE04EC0-301F-11D3-BF4B-00C04F79EFBC}") = "seaWeb", "..\seaWeb\seaWeb.csproj", "{A85BE2B2-3F65-42EC-8189-191DFCFCBBC3}"
EndProject
Global
	GlobalSection(SolutionConfigurationPlatforms) = preSolution
		Debug|Any CPU = Debug|Any CPU
		Release|Any CPU = Release|Any CPU
	EndGlobalSection
	GlobalSection(ProjectConfigurationPlatforms) = postSolution
		{B7EA29B9-F031-41EF-82AE-C8EEDBDD63AA}.Debug|Any CPU.ActiveCfg = Debug|Any CPU
		{B7EA29B9-F031-41EF-82AE-C8EEDBDD63AA}.Debug|Any CPU.Build.0 = Debug|Any CPU
		{B7EA29B9-F031-41EF-82AE-C8EEDBDD63AA}.Debug|Any CPU.Deploy.0 = Debug|Any CPU
		{B7EA29B9-F031-41EF-82AE-C8EEDBDD63AA}.Release|Any CPU.ActiveCfg = Release|Any CPU
		{B7EA29B9-F031-41EF-82AE-C8EEDBDD63AA}.Release|Any CPU.Build.0 = Release|Any CPU
		{B7EA29B9-F031-41EF-82AE-C8EEDBDD63AA}.Release|Any CPU.Deploy.0 = Release|Any CPU
		{A85BE2B2-3F65-42EC-8189-191DFCFCBBC3}.Debug|Any CPU.ActiveCfg = Debug|Any CPU
		{A85BE2B2-3F65-42EC-8189-191DFCFCBBC3}.Debug|Any CPU.Build.0 = Debug|Any CPU
		{A85BE2B2-3F65-42EC-8189-191DFCFCBBC3}.Release|Any CPU.ActiveCfg = Release|Any CPU
		{A85BE2B2-3F65-42EC-8189-191DFCFCBBC3}.Release|Any CPU.Build.0 = Release|Any CPU
	EndGlobalSection
	GlobalSection(SolutionProperties) = preSolution
		HideSolutionNode = FALSE
	EndGlobalSection
	GlobalSection(ExtensibilityGlobals) = postSolution
		SolutionGuid = {E5407DD2-CA5F-4BF8-AAB5-4046F50C103A}
	EndGlobalSection
EndGlobal
